
Microsoft Visual Studio Solution File, Format Version 12.00
# Visual Studio 2013
VisualStudioVersion = 12.0.40629.0
MinimumVisualStudioVersion = 10.0.40219.1
Project("{FAE04EC0-301F-11D3-BF4B-00C04F79EFBC}") = "SayNine", "ConsoleApplication1\SayNine.csproj", "{3C665B1B-5E38-4B29-9567-4E653ACD0EFB}"
EndProject
Project("{FAE04EC0-301F-11D3-BF4B-00C04F79EFBC}") = "RootNumber", "ConsoleApplication2\RootNumber.csproj", "{F7310D44-E69F-426E-8914-B4206318FBA9}"
EndProject
Global
	GlobalSection(SolutionConfigurationPlatforms) = preSolution
		Debug|Any CPU = Debug|Any CPU
		Release|Any CPU = Release|Any CPU
	EndGlobalSection
	GlobalSection(ProjectConfigurationPlatforms) = postSolution
		{3C665B1B-5E38-4B29-9567-4E653ACD0EFB}.Debug|Any CPU.ActiveCfg = Debug|Any CPU
		{3C665B1B-5E38-4B29-9567-4E653ACD0EFB}.Debug|Any CPU.Build.0 = Debug|Any CPU
		{3C665B1B-5E38-4B29-9567-4E653ACD0EFB}.Release|Any CPU.ActiveCfg = Release|Any CPU
		{3C665B1B-5E38-4B29-9567-4E653ACD0EFB}.Release|Any CPU.Build.0 = Release|Any CPU
		{F7310D44-E69F-426E-8914-B4206318FBA9}.Debug|Any CPU.ActiveCfg = Debug|Any CPU
		{F7310D44-E69F-426E-8914-B4206318FBA9}.Debug|Any CPU.Build.0 = Debug|Any CPU
		{F7310D44-E69F-426E-8914-B4206318FBA9}.Release|Any CPU.ActiveCfg = Release|Any CPU
		{F7310D44-E69F-426E-8914-B4206318FBA9}.Release|Any CPU.Build.0 = Release|Any CPU
	EndGlobalSection
	GlobalSection(SolutionProperties) = preSolution
		HideSolutionNode = FALSE
	EndGlobalSection
EndGlobal
